
Microsoft Visual Studio Solution File, Format Version 12.00
# Visual Studio 15
VisualStudioVersion = 15.0.28307.705
MinimumVisualStudioVersion = 10.0.40219.1
Project("{F184B08F-C81C-45F6-A57F-5ABD9991F28F}") = "BluetoothWifiSMS", "BluetoothWifiSMS\BluetoothWifiSMS.vbproj", "{834549F0-1AFA-424E-B97F-EEF9534E3440}"
EndProject
Global
	GlobalSection(SolutionConfigurationPlatforms) = preSolution
		Debug|Any CPU = Debug|Any CPU
		Release|Any CPU = Release|Any CPU
	EndGlobalSection
	GlobalSection(ProjectConfigurationPlatforms) = postSolution
		{834549F0-1AFA-424E-B97F-EEF9534E3440}.Debug|Any CPU.ActiveCfg = Debug|Any CPU
		{834549F0-1AFA-424E-B97F-EEF9534E3440}.Debug|Any CPU.Build.0 = Debug|Any CPU
		{834549F0-1AFA-424E-B97F-EEF9534E3440}.Release|Any CPU.ActiveCfg = Release|Any CPU
		{834549F0-1AFA-424E-B97F-EEF9534E3440}.Release|Any CPU.Build.0 = Release|Any CPU
	EndGlobalSection
	GlobalSection(SolutionProperties) = preSolution
		HideSolutionNode = FALSE
	EndGlobalSection
	GlobalSection(ExtensibilityGlobals) = postSolution
		SolutionGuid = {743E9388-0D2F-436D-BD12-46CB1744C915}
	EndGlobalSection
EndGlobal
